// !$*UTF8*$!
{
	archiveVersion = 1;
	classes = {
	};
	objectVersion = 55;
	objects = {

/* Begin PBXBuildFile section */
		8A1AA20B27F0D9DA00F88063 /* AppDelegate.swift in Sources */ = {isa = PBXBuildFile; fileRef = 8A1AA20A27F0D9DA00F88063 /* AppDelegate.swift */; };
		8A1AA20D27F0D9DA00F88063 /* SceneDelegate.swift in Sources */ = {isa = PBXBuildFile; fileRef = 8A1AA20C27F0D9DA00F88063 /* SceneDelegate.swift */; };
		8A1AA20F27F0D9DA00F88063 /* ViewController.swift in Sources */ = {isa = PBXBuildFile; fileRef = 8A1AA20E27F0D9DA00F88063 /* ViewController.swift */; };
		8A1AA21227F0D9DA00F88063 /* Main.storyboard in Resources */ = {isa = PBXBuildFile; fileRef = 8A1AA21027F0D9DA00F88063 /* Main.storyboard */; };
		8A1AA21427F0D9DE00F88063 /* Assets.xcassets in Resources */ = {isa = PBXBuildFile; fileRef = 8A1AA21327F0D9DE00F88063 /* Assets.xcassets */; };
		8A1AA21727F0D9DE00F88063 /* LaunchScreen.storyboard in Resources */ = {isa = PBXBuildFile; fileRef = 8A1AA21527F0D9DE00F88063 /* LaunchScreen.storyboard */; };
		8A1AA22227F0D9DF00F88063 /* QuizTests.swift in Sources */ = {isa = PBXBuildFile; fileRef = 8A1AA22127F0D9DF00F88063 /* QuizTests.swift */; };
		8A1AA22C27F0D9DF00F88063 /* QuizUITests.swift in Sources */ = {isa = PBXBuildFile; fileRef = 8A1AA22B27F0D9DF00F88063 /* QuizUITests.swift */; };
		8A1AA22E27F0D9DF00F88063 /* QuizUITestsLaunchTests.swift in Sources */ = {isa = PBXBuildFile; fileRef = 8A1AA22D27F0D9DF00F88063 /* QuizUITestsLaunchTests.swift */; };
/* End PBXBuildFile section */

/* Begin PBXContainerItemProxy section */
		8A1AA21E27F0D9DF00F88063 /* PBXContainerItemProxy */ = {
			isa = PBXContainerItemProxy;
			containerPortal = 8A1AA1FF27F0D9DA00F88063 /* Project object */;
			proxyType = 1;
			remoteGlobalIDString = 8A1AA20627F0D9DA00F88063;
			remoteInfo = Quiz;
		};
		8A1AA22827F0D9DF00F88063 /* PBXContainerItemProxy */ = {
			isa = PBXContainerItemProxy;
			containerPortal = 8A1AA1FF27F0D9DA00F88063 /* Project object */;
			proxyType = 1;
			remoteGlobalIDString = 8A1AA20627F0D9DA00F88063;
			remoteInfo = Quiz;
		};
/* End PBXContainerItemProxy section */

/* Begin PBXFileReference section */
		8A1AA20727F0D9DA00F88063 /* Quiz.app */ = {isa = PBXFileReference; explicitFileType = wrapper.application; includeInIndex = 0; path = Quiz.app; sourceTree = BUILT_PRODUCTS_DIR; };
		8A1AA20A27F0D9DA00F88063 /* AppDelegate.swift */ = {isa = PBXFileReference; lastKnownFileType = sourcecode.swift; path = AppDelegate.swift; sourceTree = "<group>"; };
		8A1AA20C27F0D9DA00F88063 /* SceneDelegate.swift */ = {isa = PBXFileReference; lastKnownFileType = sourcecode.swift; path = SceneDelegate.swift; sourceTree = "<group>"; };
		8A1AA20E27F0D9DA00F88063 /* ViewController.swift */ = {isa = PBXFileReference; lastKnownFileType = sourcecode.swift; path = ViewController.swift; sourceTree = "<group>"; };
		8A1AA21127F0D9DA00F88063 /* Base */ = {isa = PBXFileReference; lastKnownFileType = file.storyboard; name = Base; path = Base.lproj/Main.storyboard; sourceTree = "<group>"; };
		8A1AA21327F0D9DE00F88063 /* Assets.xcassets */ = {isa = PBXFileReference; lastKnownFileType = folder.assetcatalog; path = Assets.xcassets; sourceTree = "<group>"; };
		8A1AA21627F0D9DE00F88063 /* Base */ = {isa = PBXFileReference; lastKnownFileType = file.storyboard; name = Base; path = Base.lproj/LaunchScreen.storyboard; sourceTree = "<group>"; };
		8A1AA21827F0D9DE00F88063 /* Info.plist */ = {isa = PBXFileReference; lastKnownFileType = text.plist.xml; path = Info.plist; sourceTree = "<group>"; };
		8A1AA21D27F0D9DF00F88063 /* QuizTests.xctest */ = {isa = PBXFileReference; explicitFileType = wrapper.cfbundle; includeInIndex = 0; path = QuizTests.xctest; sourceTree = BUILT_PRODUCTS_DIR; };
		8A1AA22127F0D9DF00F88063 /* QuizTests.swift */ = {isa = PBXFileReference; lastKnownFileType = sourcecode.swift; path = QuizTests.swift; sourceTree = "<group>"; };
		8A1AA22727F0D9DF00F88063 /* QuizUITests.xctest */ = {isa = PBXFileReference; explicitFileType = wrapper.cfbundle; includeInIndex = 0; path = QuizUITests.xctest; sourceTree = BUILT_PRODUCTS_DIR; };
		8A1AA22B27F0D9DF00F88063 /* QuizUITests.swift */ = {isa = PBXFileReference; lastKnownFileType = sourcecode.swift; path = QuizUITests.swift; sourceTree = "<group>"; };
		8A1AA22D27F0D9DF00F88063 /* QuizUITestsLaunchTests.swift */ = {isa = PBXFileReference; lastKnownFileType = sourcecode.swift; path = QuizUITestsLaunchTests.swift; sourceTree = "<group>"; };
/* End PBXFileReference section */

/* Begin PBXFrameworksBuildPhase section */
		8A1AA20427F0D9DA00F88063 /* Frameworks */ = {
			isa = PBXFrameworksBuildPhase;
			buildActionMask = 2147483647;
			files = (
			);
			runOnlyForDeploymentPostprocessing = 0;
		};
		8A1AA21A27F0D9DF00F88063 /* Frameworks */ = {
			isa = PBXFrameworksBuildPhase;
			buildActionMask = 2147483647;
			files = (
			);
			runOnlyForDeploymentPostprocessing = 0;
		};
		8A1AA22427F0D9DF00F88063 /* Frameworks */ = {
			isa = PBXFrameworksBuildPhase;
			buildActionMask = 2147483647;
			files = (
			);
			runOnlyForDeploymentPostprocessing = 0;
		};
/* End PBXFrameworksBuildPhase section */

/* Begin PBXGroup section */
		8A1AA1FE27F0D9DA00F88063 = {
			isa = PBXGroup;
			children = (
				8A1AA20927F0D9DA00F88063 /* Quiz */,
				8A1AA22027F0D9DF00F88063 /* QuizTests */,
				8A1AA22A27F0D9DF00F88063 /* QuizUITests */,
				8A1AA20827F0D9DA00F88063 /* Products */,
			);
			sourceTree = "<group>";
		};
		8A1AA20827F0D9DA00F88063 /* Products */ = {
			isa = PBXGroup;
			children = (
				8A1AA20727F0D9DA00F88063 /* Quiz.app */,
				8A1AA21D27F0D9DF00F88063 /* QuizTests.xctest */,
				8A1AA22727F0D9DF00F88063 /* QuizUITests.xctest */,
			);
			name = Products;
			sourceTree = "<group>";
		};
		8A1AA20927F0D9DA00F88063 /* Quiz */ = {
			isa = PBXGroup;
			children = (
				8A1AA20A27F0D9DA00F88063 /* AppDelegate.swift */,
				8A1AA20C27F0D9DA00F88063 /* SceneDelegate.swift */,
				8A1AA20E27F0D9DA00F88063 /* ViewController.swift */,
				8A1AA21027F0D9DA00F88063 /* Main.storyboard */,
				8A1AA21327F0D9DE00F88063 /* Assets.xcassets */,
				8A1AA21527F0D9DE00F88063 /* LaunchScreen.storyboard */,
				8A1AA21827F0D9DE00F88063 /* Info.plist */,
			);
			path = Quiz;
			sourceTree = "<group>";
		};
		8A1AA22027F0D9DF00F88063 /* QuizTests */ = {
			isa = PBXGroup;
			children = (
				8A1AA22127F0D9DF00F88063 /* QuizTests.swift */,
			);
			path = QuizTests;
			sourceTree = "<group>";
		};
		8A1AA22A27F0D9DF00F88063 /* QuizUITests */ = {
			isa = PBXGroup;
			children = (
				8A1AA22B27F0D9DF00F88063 /* QuizUITests.swift */,
				8A1AA22D27F0D9DF00F88063 /* QuizUITestsLaunchTests.swift */,
			);
			path = QuizUITests;
			sourceTree = "<group>";
		};
/* End PBXGroup section */

/* Begin PBXNativeTarget section */
		8A1AA20627F0D9DA00F88063 /* Quiz */ = {
			isa = PBXNativeTarget;
			buildConfigurationList = 8A1AA23127F0D9DF00F88063 /* Build configuration list for PBXNativeTarget "Quiz" */;
			buildPhases = (
				8A1AA20327F0D9DA00F88063 /* Sources */,
				8A1AA20427F0D9DA00F88063 /* Frameworks */,
				8A1AA20527F0D9DA00F88063 /* Resources */,
			);
			buildRules = (
			);
			dependencies = (
			);
			name = Quiz;
			productName = Quiz;
			productReference = 8A1AA20727F0D9DA00F88063 /* Quiz.app */;
			productType = "com.apple.product-type.application";
		};
		8A1AA21C27F0D9DF00F88063 /* QuizTests */ = {
			isa = PBXNativeTarget;
			buildConfigurationList = 8A1AA23427F0D9DF00F88063 /* Build configuration list for PBXNativeTarget "QuizTests" */;
			buildPhases = (
				8A1AA21927F0D9DF00F88063 /* Sources */,
				8A1AA21A27F0D9DF00F88063 /* Frameworks */,
				8A1AA21B27F0D9DF00F88063 /* Resources */,
			);
			buildRules = (
			);
			dependencies = (
				8A1AA21F27F0D9DF00F88063 /* PBXTargetDependency */,
			);
			name = QuizTests;
			productName = QuizTests;
			productReference = 8A1AA21D27F0D9DF00F88063 /* QuizTests.xctest */;
			productType = "com.apple.product-type.bundle.unit-test";
		};
		8A1AA22627F0D9DF00F88063 /* QuizUITests */ = {
			isa = PBXNativeTarget;
			buildConfigurationList = 8A1AA23727F0D9DF00F88063 /* Build configuration list for PBXNativeTarget "QuizUITests" */;
			buildPhases = (
				8A1AA22327F0D9DF00F88063 /* Sources */,
				8A1AA22427F0D9DF00F88063 /* Frameworks */,
				8A1AA22527F0D9DF00F88063 /* Resources */,
			);
			buildRules = (
			);
			dependencies = (
				8A1AA22927F0D9DF00F88063 /* PBXTargetDependency */,
			);
			name = QuizUITests;
			productName = QuizUITests;
			productReference = 8A1AA22727F0D9DF00F88063 /* QuizUITests.xctest */;
			productType = "com.apple.product-type.bundle.ui-testing";
		};
/* End PBXNativeTarget section */

/* Begin PBXProject section */
		8A1AA1FF27F0D9DA00F88063 /* Project object */ = {
			isa = PBXProject;
			attributes = {
				BuildIndependentTargetsInParallel = 1;
				LastSwiftUpdateCheck = 1320;
				LastUpgradeCheck = 1320;
				TargetAttributes = {
					8A1AA20627F0D9DA00F88063 = {
						CreatedOnToolsVersion = 13.2;
					};
					8A1AA21C27F0D9DF00F88063 = {
						CreatedOnToolsVersion = 13.2;
						TestTargetID = 8A1AA20627F0D9DA00F88063;
					};
					8A1AA22627F0D9DF00F88063 = {
						CreatedOnToolsVersion = 13.2;
						TestTargetID = 8A1AA20627F0D9DA00F88063;
					};
				};
			};
			buildConfigurationList = 8A1AA20227F0D9DA00F88063 /* Build configuration list for PBXProject "Quiz" */;
			compatibilityVersion = "Xcode 13.0";
			developmentRegion = en;
			hasScannedForEncodings = 0;
			knownRegions = (
				en,
				Base,
			);
			mainGroup = 8A1AA1FE27F0D9DA00F88063;
			productRefGroup = 8A1AA20827F0D9DA00F88063 /* Products */;
			projectDirPath = "";
			projectRoot = "";
			targets = (
				8A1AA20627F0D9DA00F88063 /* Quiz */,
				8A1AA21C27F0D9DF00F88063 /* QuizTests */,
				8A1AA22627F0D9DF00F88063 /* QuizUITests */,
			);
		};
/* End PBXProject section */

/* Begin PBXResourcesBuildPhase section */
		8A1AA20527F0D9DA00F88063 /* Resources */ = {
			isa = PBXResourcesBuildPhase;
			buildActionMask = 2147483647;
			files = (
				8A1AA21727F0D9DE00F88063 /* LaunchScreen.storyboard in Resources */,
				8A1AA21427F0D9DE00F88063 /* Assets.xcassets in Resources */,
				8A1AA21227F0D9DA00F88063 /* Main.storyboard in Resources */,
			);
			runOnlyForDeploymentPostprocessing = 0;
		};
		8A1AA21B27F0D9DF00F88063 /* Resources */ = {
			isa = PBXResourcesBuildPhase;
			buildActionMask = 2147483647;
			files = (
			);
			runOnlyForDeploymentPostprocessing = 0;
		};
		8A1AA22527F0D9DF00F88063 /* Resources */ = {
			isa = PBXResourcesBuildPhase;
			buildActionMask = 2147483647;
			files = (
			);
			runOnlyForDeploymentPostprocessing = 0;
		};
/* End PBXResourcesBuildPhase section */

/* Begin PBXSourcesBuildPhase section */
		8A1AA20327F0D9DA00F88063 /* Sources */ = {
			isa = PBXSourcesBuildPhase;
			buildActionMask = 2147483647;
			files = (
				8A1AA20F27F0D9DA00F88063 /* ViewController.swift in Sources */,
				8A1AA20B27F0D9DA00F88063 /* AppDelegate.swift in Sources */,
				8A1AA20D27F0D9DA00F88063 /* SceneDelegate.swift in Sources */,
			);
			runOnlyForDeploymentPostprocessing = 0;
		};
		8A1AA21927F0D9DF00F88063 /* Sources */ = {
			isa = PBXSourcesBuildPhase;
			buildActionMask = 2147483647;
			files = (
				8A1AA22227F0D9DF00F88063 /* QuizTests.swift in Sources */,
			);
			runOnlyForDeploymentPostprocessing = 0;
		};
		8A1AA22327F0D9DF00F88063 /* Sources */ = {
			isa = PBXSourcesBuildPhase;
			buildActionMask = 2147483647;
			files = (
				8A1AA22C27F0D9DF00F88063 /* QuizUITests.swift in Sources */,
				8A1AA22E27F0D9DF00F88063 /* QuizUITestsLaunchTests.swift in Sources */,
			);
			runOnlyForDeploymentPostprocessing = 0;
		};
/* End PBXSourcesBuildPhase section */

/* Begin PBXTargetDependency section */
		8A1AA21F27F0D9DF00F88063 /* PBXTargetDependency */ = {
			isa = PBXTargetDependency;
			target = 8A1AA20627F0D9DA00F88063 /* Quiz */;
			targetProxy = 8A1AA21E27F0D9DF00F88063 /* PBXContainerItemProxy */;
		};
		8A1AA22927F0D9DF00F88063 /* PBXTargetDependency */ = {
			isa = PBXTargetDependency;
			target = 8A1AA20627F0D9DA00F88063 /* Quiz */;
			targetProxy = 8A1AA22827F0D9DF00F88063 /* PBXContainerItemProxy */;
		};
/* End PBXTargetDependency section */

/* Begin PBXVariantGroup section */
		8A1AA21027F0D9DA00F88063 /* Main.storyboard */ = {
			isa = PBXVariantGroup;
			children = (
				8A1AA21127F0D9DA00F88063 /* Base */,
			);
			name = Main.storyboard;
			sourceTree = "<group>";
		};
		8A1AA21527F0D9DE00F88063 /* LaunchScreen.storyboard */ = {
			isa = PBXVariantGroup;
			children = (
				8A1AA21627F0D9DE00F88063 /* Base */,
			);
			name = LaunchScreen.storyboard;
			sourceTree = "<group>";
		};
/* End PBXVariantGroup section */

/* Begin XCBuildConfiguration section */
		8A1AA22F27F0D9DF00F88063 /* Debug */ = {
			isa = XCBuildConfiguration;
			buildSettings = {
				ALWAYS_SEARCH_USER_PATHS = NO;
				CLANG_ANALYZER_NONNULL = YES;
				CLANG_ANALYZER_NUMBER_OBJECT_CONVERSION = YES_AGGRESSIVE;
				CLANG_CXX_LANGUAGE_STANDARD = "gnu++17";
				CLANG_CXX_LIBRARY = "libc++";
				CLANG_ENABLE_MODULES = YES;
				CLANG_ENABLE_OBJC_ARC = YES;
				CLANG_ENABLE_OBJC_WEAK = YES;
				CLANG_WARN_BLOCK_CAPTURE_AUTORELEASING = YES;
				CLANG_WARN_BOOL_CONVERSION = YES;
				CLANG_WARN_COMMA = YES;
				CLANG_WARN_CONSTANT_CONVERSION = YES;
				CLANG_WARN_DEPRECATED_OBJC_IMPLEMENTATIONS = YES;
				CLANG_WARN_DIRECT_OBJC_ISA_USAGE = YES_ERROR;
				CLANG_WARN_DOCUMENTATION_COMMENTS = YES;
				CLANG_WARN_EMPTY_BODY = YES;
				CLANG_WARN_ENUM_CONVERSION = YES;
				CLANG_WARN_INFINITE_RECURSION = YES;
				CLANG_WARN_INT_CONVERSION = YES;
				CLANG_WARN_NON_LITERAL_NULL_CONVERSION = YES;
				CLANG_WARN_OBJC_IMPLICIT_RETAIN_SELF = YES;
				CLANG_WARN_OBJC_LITERAL_CONVERSION = YES;
				CLANG_WARN_OBJC_ROOT_CLASS = YES_ERROR;
				CLANG_WARN_QUOTED_INCLUDE_IN_FRAMEWORK_HEADER = YES;
				CLANG_WARN_RANGE_LOOP_ANALYSIS = YES;
				CLANG_WARN_STRICT_PROTOTYPES = YES;
				CLANG_WARN_SUSPICIOUS_MOVE = YES;
				CLANG_WARN_UNGUARDED_AVAILABILITY = YES_AGGRESSIVE;
				CLANG_WARN_UNREACHABLE_CODE = YES;
				CLANG_WARN__DUPLICATE_METHOD_MATCH = YES;
				COPY_PHASE_STRIP = NO;
				DEBUG_INFORMATION_FORMAT = dwarf;
				ENABLE_STRICT_OBJC_MSGSEND = YES;
				ENABLE_TESTABILITY = YES;
				GCC_C_LANGUAGE_STANDARD = gnu11;
				GCC_DYNAMIC_NO_PIC = NO;
				GCC_NO_COMMON_BLOCKS = YES;
				GCC_OPTIMIZATION_LEVEL = 0;
				GCC_PREPROCESSOR_DEFINITIONS = (
					"DEBUG=1",
					"$(inherited)",
				);
				GCC_WARN_64_TO_32_BIT_CONVERSION = YES;
				GCC_WARN_ABOUT_RETURN_TYPE = YES_ERROR;
				GCC_WARN_UNDECLARED_SELECTOR = YES;
				GCC_WARN_UNINITIALIZED_AUTOS = YES_AGGRESSIVE;
				GCC_WARN_UNUSED_FUNCTION = YES;
				GCC_WARN_UNUSED_VARIABLE = YES;
				IPHONEOS_DEPLOYMENT_TARGET = 15.2;
				MTL_ENABLE_DEBUG_INFO = INCLUDE_SOURCE;
				MTL_FAST_MATH = YES;
				ONLY_ACTIVE_ARCH = YES;
				SDKROOT = iphoneos;
				SWIFT_ACTIVE_COMPILATION_CONDITIONS = DEBUG;
				SWIFT_OPTIMIZATION_LEVEL = "-Onone";
			};
			name = Debug;
		};
		8A1AA23027F0D9DF00F88063 /* Release */ = {
			isa = XCBuildConfiguration;
			buildSettings = {
				ALWAYS_SEARCH_USER_PATHS = NO;
				CLANG_ANALYZER_NONNULL = YES;
				CLANG_ANALYZER_NUMBER_OBJECT_CONVERSION = YES_AGGRESSIVE;
				CLANG_CXX_LANGUAGE_STANDARD = "gnu++17";
				CLANG_CXX_LIBRARY = "libc++";
				CLANG_ENABLE_MODULES = YES;
				CLANG_ENABLE_OBJC_ARC = YES;
				CLANG_ENABLE_OBJC_WEAK = YES;
				CLANG_WARN_BLOCK_CAPTURE_AUTORELEASING = YES;
				CLANG_WARN_BOOL_CONVERSION = YES;
				CLANG_WARN_COMMA = YES;
				CLANG_WARN_CONSTANT_CONVERSION = YES;
				CLANG_WARN_DEPRECATED_OBJC_IMPLEMENTATIONS = YES;
				CLANG_WARN_DIRECT_OBJC_ISA_USAGE = YES_ERROR;
				CLANG_WARN_DOCUMENTATION_COMMENTS = YES;
				CLANG_WARN_EMPTY_BODY = YES;
				CLANG_WARN_ENUM_CONVERSION = YES;
				CLANG_WARN_INFINITE_RECURSION = YES;
				CLANG_WARN_INT_CONVERSION = YES;
				CLANG_WARN_NON_LITERAL_NULL_CONVERSION = YES;
				CLANG_WARN_OBJC_IMPLICIT_RETAIN_SELF = YES;
				CLANG_WARN_OBJC_LITERAL_CONVERSION = YES;
				CLANG_WARN_OBJC_ROOT_CLASS = YES_ERROR;
				CLANG_WARN_QUOTED_INCLUDE_IN_FRAMEWORK_HEADER = YES;
				CLANG_WARN_RANGE_LOOP_ANALYSIS = YES;
				CLANG_WARN_STRICT_PROTOTYPES = YES;
				CLANG_WARN_SUSPICIOUS_MOVE = YES;
				CLANG_WARN_UNGUARDED_AVAILABILITY = YES_AGGRESSIVE;
				CLANG_WARN_UNREACHABLE_CODE = YES;
				CLANG_WARN__DUPLICATE_METHOD_MATCH = YES;
				COPY_PHASE_STRIP = NO;
				DEBUG_INFORMATION_FORMAT = "dwarf-with-dsym";
				ENABLE_NS_ASSERTIONS = NO;
				ENABLE_STRICT_OBJC_MSGSEND = YES;
				GCC_C_LANGUAGE_STANDARD = gnu11;
				GCC_NO_COMMON_BLOCKS = YES;
				GCC_WARN_64_TO_32_BIT_CONVERSION = YES;
				GCC_WARN_ABOUT_RETURN_TYPE = YES_ERROR;
				GCC_WARN_UNDECLARED_SELECTOR = YES;
				GCC_WARN_UNINITIALIZED_AUTOS = YES_AGGRESSIVE;
				GCC_WARN_UNUSED_FUNCTION = YES;
				GCC_WARN_UNUSED_VARIABLE = YES;
				IPHONEOS_DEPLOYMENT_TARGET = 15.2;
				MTL_ENABLE_DEBUG_INFO = NO;
				MTL_FAST_MATH = YES;
				SDKROOT = iphoneos;
				SWIFT_COMPILATION_MODE = wholemodule;
				SWIFT_OPTIMIZATION_LEVEL = "-O";
				VALIDATE_PRODUCT = YES;
			};
			name = Release;
		};
		8A1AA23227F0D9DF00F88063 /* Debug */ = {
			isa = XCBuildConfiguration;
			buildSettings = {
				ASSETCATALOG_COMPILER_APPICON_NAME = AppIcon;
				ASSETCATALOG_COMPILER_GLOBAL_ACCENT_COLOR_NAME = AccentColor;
				CODE_SIGN_IDENTITY = "Apple Development";
				CODE_SIGN_STYLE = Automatic;
				CURRENT_PROJECT_VERSION = 1;
				DEVELOPMENT_TEAM = 7SML73P5KJ;
				GENERATE_INFOPLIST_FILE = YES;
				INFOPLIST_FILE = Quiz/Info.plist;
				INFOPLIST_KEY_UIApplicationSupportsIndirectInputEvents = YES;
				INFOPLIST_KEY_UILaunchStoryboardName = LaunchScreen;
				INFOPLIST_KEY_UIMainStoryboardFile = Main;
				INFOPLIST_KEY_UISupportedInterfaceOrientations_iPad = "UIInterfaceOrientationPortrait UIInterfaceOrientationPortraitUpsideDown UIInterfaceOrientationLandscapeLeft UIInterfaceOrientationLandscapeRight";
				INFOPLIST_KEY_UISupportedInterfaceOrientations_iPhone = "UIInterfaceOrientationPortrait UIInterfaceOrientationLandscapeLeft UIInterfaceOrientationLandscapeRight";
				LD_RUNPATH_SEARCH_PATHS = (
					"$(inherited)",
					"@executable_path/Frameworks",
				);
				MARKETING_VERSION = 1.0;
				PRODUCT_BUNDLE_IDENTIFIER = com.appcommandos.QuizApp;
				PRODUCT_NAME = "$(TARGET_NAME)";
				PROVISIONING_PROFILE_SPECIFIER = "";
				SWIFT_EMIT_LOC_STRINGS = YES;
				SWIFT_VERSION = 5.0;
				TARGETED_DEVICE_FAMILY = "1,2";
			};
			name = Debug;
		};
		8A1AA23327F0D9DF00F88063 /* Release */ = {
			isa = XCBuildConfiguration;
			buildSettings = {
				ASSETCATALOG_COMPILER_APPICON_NAME = AppIcon;
				ASSETCATALOG_COMPILER_GLOBAL_ACCENT_COLOR_NAME = AccentColor;
				CODE_SIGN_STYLE = Manual;
				CURRENT_PROJECT_VERSION = 1;
				DEVELOPMENT_TEAM = "";
				GENERATE_INFOPLIST_FILE = YES;
				INFOPLIST_FILE = Quiz/Info.plist;
				INFOPLIST_KEY_UIApplicationSupportsIndirectInputEvents = YES;
				INFOPLIST_KEY_UILaunchStoryboardName = LaunchScreen;
				INFOPLIST_KEY_UIMainStoryboardFile = Main;
				INFOPLIST_KEY_UISupportedInterfaceOrientations_iPad = "UIInterfaceOrientationPortrait UIInterfaceOrientationPortraitUpsideDown UIInterfaceOrientationLandscapeLeft UIInterfaceOrientationLandscapeRight";
				INFOPLIST_KEY_UISupportedInterfaceOrientations_iPhone = "UIInterfaceOrientationPortrait UIInterfaceOrientationLandscapeLeft UIInterfaceOrientationLandscapeRight";
				LD_RUNPATH_SEARCH_PATHS = (
					"$(inherited)",
					"@executable_path/Frameworks",
				);
				MARKETING_VERSION = 1.0;
				PRODUCT_BUNDLE_IDENTIFIER = com.appcommandos.Quiz;
				PRODUCT_NAME = "$(TARGET_NAME)";
				PROVISIONING_PROFILE_SPECIFIER = "";
				SWIFT_EMIT_LOC_STRINGS = YES;
				SWIFT_VERSION = 5.0;
				TARGETED_DEVICE_FAMILY = "1,2";
			};
			name = Release;
		};
		8A1AA23527F0D9DF00F88063 /* Debug */ = {
			isa = XCBuildConfiguration;
			buildSettings = {
				ALWAYS_EMBED_SWIFT_STANDARD_LIBRARIES = YES;
				BUNDLE_LOADER = "$(TEST_HOST)";
				CODE_SIGN_STYLE = Automatic;
				CURRENT_PROJECT_VERSION = 1;
				GENERATE_INFOPLIST_FILE = YES;
				IPHONEOS_DEPLOYMENT_TARGET = 15.2;
				MARKETING_VERSION = 1.0;
				PRODUCT_BUNDLE_IDENTIFIER = com.appcommandos.QuizTests;
				PRODUCT_NAME = "$(TARGET_NAME)";
				SWIFT_EMIT_LOC_STRINGS = NO;
				SWIFT_VERSION = 5.0;
				TARGETED_DEVICE_FAMILY = "1,2";
				TEST_HOST = "$(BUILT_PRODUCTS_DIR)/Quiz.app/Quiz";
			};
			name = Debug;
		};
		8A1AA23627F0D9DF00F88063 /* Release */ = {
			isa = XCBuildConfiguration;
			buildSettings = {
				ALWAYS_EMBED_SWIFT_STANDARD_LIBRARIES = YES;
				BUNDLE_LOADER = "$(TEST_HOST)";
				CODE_SIGN_STYLE = Automatic;
				CURRENT_PROJECT_VERSION = 1;
				GENERATE_INFOPLIST_FILE = YES;
				IPHONEOS_DEPLOYMENT_TARGET = 15.2;
				MARKETING_VERSION = 1.0;
				PRODUCT_BUNDLE_IDENTIFIER = com.appcommandos.QuizTests;
				PRODUCT_NAME = "$(TARGET_NAME)";
				SWIFT_EMIT_LOC_STRINGS = NO;
				SWIFT_VERSION = 5.0;
				TARGETED_DEVICE_FAMILY = "1,2";
				TEST_HOST = "$(BUILT_PRODUCTS_DIR)/Quiz.app/Quiz";
			};
			name = Release;
		};
		8A1AA23827F0D9DF00F88063 /* Debug */ = {
			isa = XCBuildConfiguration;
			buildSettings = {
				ALWAYS_EMBED_SWIFT_STANDARD_LIBRARIES = YES;
				CODE_SIGN_STYLE = Automatic;
				CURRENT_PROJECT_VERSION = 1;
				GENERATE_INFOPLIST_FILE = YES;
				MARKETING_VERSION = 1.0;
				PRODUCT_BUNDLE_IDENTIFIER = com.appcommandos.QuizUITests;
				PRODUCT_NAME = "$(TARGET_NAME)";
				SWIFT_EMIT_LOC_STRINGS = NO;
				SWIFT_VERSION = 5.0;
				TARGETED_DEVICE_FAMILY = "1,2";
				TEST_TARGET_NAME = Quiz;
			};
			name = Debug;
		};
		8A1AA23927F0D9DF00F88063 /* Release */ = {
			isa = XCBuildConfiguration;
			buildSettings = {
				ALWAYS_EMBED_SWIFT_STANDARD_LIBRARIES = YES;
				CODE_SIGN_STYLE = Automatic;
				CURRENT_PROJECT_VERSION = 1;
				GENERATE_INFOPLIST_FILE = YES;
				MARKETING_VERSION = 1.0;
				PRODUCT_BUNDLE_IDENTIFIER = com.appcommandos.QuizUITests;
				PRODUCT_NAME = "$(TARGET_NAME)";
				SWIFT_EMIT_LOC_STRINGS = NO;
				SWIFT_VERSION = 5.0;
				TARGETED_DEVICE_FAMILY = "1,2";
				TEST_TARGET_NAME = Quiz;
			};
			name = Release;
		};
/* End XCBuildConfiguration section */

/* Begin XCConfigurationList section */
		8A1AA20227F0D9DA00F88063 /* Build configuration list for PBXProject "Quiz" */ = {
			isa = XCConfigurationList;
			buildConfigurations = (
				8A1AA22F27F0D9DF00F88063 /* Debug */,
				8A1AA23027F0D9DF00F88063 /* Release */,
			);
			defaultConfigurationIsVisible = 0;
			defaultConfigurationName = Release;
		};
		8A1AA23127F0D9DF00F88063 /* Build configuration list for PBXNativeTarget "Quiz" */ = {
			isa = XCConfigurationList;
			buildConfigurations = (
				8A1AA23227F0D9DF00F88063 /* Debug */,
				8A1AA23327F0D9DF00F88063 /* Release */,
			);
			defaultConfigurationIsVisible = 0;
			defaultConfigurationName = Release;
		};
		8A1AA23427F0D9DF00F88063 /* Build configuration list for PBXNativeTarget "QuizTests" */ = {
			isa = XCConfigurationList;
			buildConfigurations = (
				8A1AA23527F0D9DF00F88063 /* Debug */,
				8A1AA23627F0D9DF00F88063 /* Release */,
			);
			defaultConfigurationIsVisible = 0;
			defaultConfigurationName = Release;
		};
		8A1AA23727F0D9DF00F88063 /* Build configuration list for PBXNativeTarget "QuizUITests" */ = {
			isa = XCConfigurationList;
			buildConfigurations = (
				8A1AA23827F0D9DF00F88063 /* Debug */,
				8A1AA23927F0D9DF00F88063 /* Release */,
			);
			defaultConfigurationIsVisible = 0;
			defaultConfigurationName = Release;
		};
/* End XCConfigurationList section */
	};
	rootObject = 8A1AA1FF27F0D9DA00F88063 /* Project object */;
}
